// !$*UTF8*$!
{
	archiveVersion = 1;
	classes = {
	};
	objectVersion = 56;
	objects = {

/* Begin PBXBuildFile section */
		D02AE73B2BC73707002EB115 /* AppDelegate.swift in Sources */ = {isa = PBXBuildFile; fileRef = D02AE73A2BC73707002EB115 /* AppDelegate.swift */; };
		D02AE73D2BC73707002EB115 /* SceneDelegate.swift in Sources */ = {isa = PBXBuildFile; fileRef = D02AE73C2BC73707002EB115 /* SceneDelegate.swift */; };
		D02AE73F2BC73707002EB115 /* HomeViewController.swift in Sources */ = {isa = PBXBuildFile; fileRef = D02AE73E2BC73707002EB115 /* HomeViewController.swift */; };
		D02AE7422BC73707002EB115 /* Base in Resources */ = {isa = PBXBuildFile; fileRef = D02AE7412BC73707002EB115 /* Base */; };
		D02AE7442BC73709002EB115 /* Assets.xcassets in Resources */ = {isa = PBXBuildFile; fileRef = D02AE7432BC73709002EB115 /* Assets.xcassets */; };
		D02AE7472BC73709002EB115 /* Base in Resources */ = {isa = PBXBuildFile; fileRef = D02AE7462BC73709002EB115 /* Base */; };
		D02AE7502BC741DB002EB115 /* SnapKit in Frameworks */ = {isa = PBXBuildFile; productRef = D02AE74F2BC741DB002EB115 /* SnapKit */; };
		D02AE7522BC741DB002EB115 /* SnapKit-Dynamic in Frameworks */ = {isa = PBXBuildFile; productRef = D02AE7512BC741DB002EB115 /* SnapKit-Dynamic */; };
		D02AE7582BC74426002EB115 /* Item.swift in Sources */ = {isa = PBXBuildFile; fileRef = D02AE7572BC74426002EB115 /* Item.swift */; };
		D02AE75A2BC7444C002EB115 /* HomeViewModel.swift in Sources */ = {isa = PBXBuildFile; fileRef = D02AE7592BC7444C002EB115 /* HomeViewModel.swift */; };
		D02AE7622BC74CF6002EB115 /* HomeTableViewCell.swift in Sources */ = {isa = PBXBuildFile; fileRef = D02AE7612BC74CF6002EB115 /* HomeTableViewCell.swift */; };
		D02AE7662BC7B75A002EB115 /* Ext+UILabel.swift in Sources */ = {isa = PBXBuildFile; fileRef = D02AE7652BC7B75A002EB115 /* Ext+UILabel.swift */; };
		D070257B2BC937E600B6AF5C /* CoreDataItem.xcdatamodeld in Sources */ = {isa = PBXBuildFile; fileRef = D07025792BC937E600B6AF5C /* CoreDataItem.xcdatamodeld */; };
/* End PBXBuildFile section */

/* Begin PBXFileReference section */
		D02AE7372BC73707002EB115 /* Todoey.app */ = {isa = PBXFileReference; explicitFileType = wrapper.application; includeInIndex = 0; path = Todoey.app; sourceTree = BUILT_PRODUCTS_DIR; };
		D02AE73A2BC73707002EB115 /* AppDelegate.swift */ = {isa = PBXFileReference; lastKnownFileType = sourcecode.swift; path = AppDelegate.swift; sourceTree = "<group>"; };
		D02AE73C2BC73707002EB115 /* SceneDelegate.swift */ = {isa = PBXFileReference; lastKnownFileType = sourcecode.swift; path = SceneDelegate.swift; sourceTree = "<group>"; };
		D02AE73E2BC73707002EB115 /* HomeViewController.swift */ = {isa = PBXFileReference; lastKnownFileType = sourcecode.swift; path = HomeViewController.swift; sourceTree = "<group>"; };
		D02AE7412BC73707002EB115 /* Base */ = {isa = PBXFileReference; lastKnownFileType = file.storyboard; name = Base; path = Base.lproj/Main.storyboard; sourceTree = "<group>"; };
		D02AE7432BC73709002EB115 /* Assets.xcassets */ = {isa = PBXFileReference; lastKnownFileType = folder.assetcatalog; path = Assets.xcassets; sourceTree = "<group>"; };
		D02AE7462BC73709002EB115 /* Base */ = {isa = PBXFileReference; lastKnownFileType = file.storyboard; name = Base; path = Base.lproj/LaunchScreen.storyboard; sourceTree = "<group>"; };
		D02AE7482BC73709002EB115 /* Info.plist */ = {isa = PBXFileReference; lastKnownFileType = text.plist.xml; path = Info.plist; sourceTree = "<group>"; };
		D02AE7572BC74426002EB115 /* Item.swift */ = {isa = PBXFileReference; lastKnownFileType = sourcecode.swift; path = Item.swift; sourceTree = "<group>"; };
		D02AE7592BC7444C002EB115 /* HomeViewModel.swift */ = {isa = PBXFileReference; lastKnownFileType = sourcecode.swift; path = HomeViewModel.swift; sourceTree = "<group>"; };
		D02AE7612BC74CF6002EB115 /* HomeTableViewCell.swift */ = {isa = PBXFileReference; lastKnownFileType = sourcecode.swift; path = HomeTableViewCell.swift; sourceTree = "<group>"; };
		D02AE7652BC7B75A002EB115 /* Ext+UILabel.swift */ = {isa = PBXFileReference; fileEncoding = 4; lastKnownFileType = sourcecode.swift; path = "Ext+UILabel.swift"; sourceTree = "<group>"; };
		D070257A2BC937E600B6AF5C /* CoreDataItem.xcdatamodel */ = {isa = PBXFileReference; lastKnownFileType = wrapper.xcdatamodel; path = CoreDataItem.xcdatamodel; sourceTree = "<group>"; };
/* End PBXFileReference section */

/* Begin PBXFrameworksBuildPhase section */
		D02AE7342BC73707002EB115 /* Frameworks */ = {
			isa = PBXFrameworksBuildPhase;
			buildActionMask = 2147483647;
			files = (
				D02AE7502BC741DB002EB115 /* SnapKit in Frameworks */,
				D02AE7522BC741DB002EB115 /* SnapKit-Dynamic in Frameworks */,
			);
			runOnlyForDeploymentPostprocessing = 0;
		};
/* End PBXFrameworksBuildPhase section */

/* Begin PBXGroup section */
		D02AE72E2BC73707002EB115 = {
			isa = PBXGroup;
			children = (
				D02AE7392BC73707002EB115 /* Todoey */,
				D02AE7382BC73707002EB115 /* Products */,
			);
			sourceTree = "<group>";
		};
		D02AE7382BC73707002EB115 /* Products */ = {
			isa = PBXGroup;
			children = (
				D02AE7372BC73707002EB115 /* Todoey.app */,
			);
			name = Products;
			sourceTree = "<group>";
		};
		D02AE7392BC73707002EB115 /* Todoey */ = {
			isa = PBXGroup;
			children = (
				D02AE7562BC74256002EB115 /* Application */,
				D02AE7552BC7423C002EB115 /* Model */,
				D02AE7542BC74233002EB115 /* ViewModel */,
				D02AE7532BC74228002EB115 /* View */,
				D02AE7432BC73709002EB115 /* Assets.xcassets */,
				D02AE7652BC7B75A002EB115 /* Ext+UILabel.swift */,
				D02AE7452BC73709002EB115 /* LaunchScreen.storyboard */,
				D02AE7482BC73709002EB115 /* Info.plist */,
			);
			path = Todoey;
			sourceTree = "<group>";
		};
		D02AE7532BC74228002EB115 /* View */ = {
			isa = PBXGroup;
			children = (
				D02AE75E2BC74BF8002EB115 /* Cells */,
				D02AE73E2BC73707002EB115 /* HomeViewController.swift */,
			);
			path = View;
			sourceTree = "<group>";
		};
		D02AE7542BC74233002EB115 /* ViewModel */ = {
			isa = PBXGroup;
			children = (
				D02AE7592BC7444C002EB115 /* HomeViewModel.swift */,
			);
			path = ViewModel;
			sourceTree = "<group>";
		};
		D02AE7552BC7423C002EB115 /* Model */ = {
			isa = PBXGroup;
			children = (
				D02AE7572BC74426002EB115 /* Item.swift */,
			);
			path = Model;
			sourceTree = "<group>";
		};
		D02AE7562BC74256002EB115 /* Application */ = {
			isa = PBXGroup;
			children = (
				D02AE73C2BC73707002EB115 /* SceneDelegate.swift */,
				D02AE73A2BC73707002EB115 /* AppDelegate.swift */,
				D07025792BC937E600B6AF5C /* CoreDataItem.xcdatamodeld */,
				D02AE7402BC73707002EB115 /* Main.storyboard */,
			);
			path = Application;
			sourceTree = "<group>";
		};
		D02AE75E2BC74BF8002EB115 /* Cells */ = {
			isa = PBXGroup;
			children = (
				D02AE7612BC74CF6002EB115 /* HomeTableViewCell.swift */,
			);
			path = Cells;
			sourceTree = "<group>";
		};
/* End PBXGroup section */

/* Begin PBXNativeTarget section */
		D02AE7362BC73707002EB115 /* Todoey */ = {
			isa = PBXNativeTarget;
			buildConfigurationList = D02AE74B2BC73709002EB115 /* Build configuration list for PBXNativeTarget "Todoey" */;
			buildPhases = (
				D02AE7332BC73707002EB115 /* Sources */,
				D02AE7342BC73707002EB115 /* Frameworks */,
				D02AE7352BC73707002EB115 /* Resources */,
			);
			buildRules = (
			);
			dependencies = (
				D02AE7642BC74FEB002EB115 /* PBXTargetDependency */,
			);
			name = Todoey;
			packageProductDependencies = (
				D02AE74F2BC741DB002EB115 /* SnapKit */,
				D02AE7512BC741DB002EB115 /* SnapKit-Dynamic */,
			);
			productName = Todoey;
			productReference = D02AE7372BC73707002EB115 /* Todoey.app */;
			productType = "com.apple.product-type.application";
		};
/* End PBXNativeTarget section */

/* Begin PBXProject section */
		D02AE72F2BC73707002EB115 /* Project object */ = {
			isa = PBXProject;
			attributes = {
				BuildIndependentTargetsInParallel = 1;
				LastSwiftUpdateCheck = 1530;
				LastUpgradeCheck = 1530;
				TargetAttributes = {
					D02AE7362BC73707002EB115 = {
						CreatedOnToolsVersion = 15.3;
					};
				};
			};
			buildConfigurationList = D02AE7322BC73707002EB115 /* Build configuration list for PBXProject "Todoey" */;
			compatibilityVersion = "Xcode 14.0";
			developmentRegion = en;
			hasScannedForEncodings = 0;
			knownRegions = (
				en,
				Base,
			);
			mainGroup = D02AE72E2BC73707002EB115;
			packageReferences = (
				D02AE74E2BC741DB002EB115 /* XCRemoteSwiftPackageReference "SnapKit" */,
				D02AE75B2BC74BAA002EB115 /* XCRemoteSwiftPackageReference "SwiftLint" */,
			);
			productRefGroup = D02AE7382BC73707002EB115 /* Products */;
			projectDirPath = "";
			projectRoot = "";
			targets = (
				D02AE7362BC73707002EB115 /* Todoey */,
			);
		};
/* End PBXProject section */

/* Begin PBXResourcesBuildPhase section */
		D02AE7352BC73707002EB115 /* Resources */ = {
			isa = PBXResourcesBuildPhase;
			buildActionMask = 2147483647;
			files = (
				D02AE7442BC73709002EB115 /* Assets.xcassets in Resources */,
				D02AE7472BC73709002EB115 /* Base in Resources */,
				D02AE7422BC73707002EB115 /* Base in Resources */,
			);
			runOnlyForDeploymentPostprocessing = 0;
		};
/* End PBXResourcesBuildPhase section */

/* Begin PBXSourcesBuildPhase section */
		D02AE7332BC73707002EB115 /* Sources */ = {
			isa = PBXSourcesBuildPhase;
			buildActionMask = 2147483647;
			files = (
				D02AE7662BC7B75A002EB115 /* Ext+UILabel.swift in Sources */,
				D02AE7622BC74CF6002EB115 /* HomeTableViewCell.swift in Sources */,
				D02AE7582BC74426002EB115 /* Item.swift in Sources */,
				D070257B2BC937E600B6AF5C /* CoreDataItem.xcdatamodeld in Sources */,
				D02AE73F2BC73707002EB115 /* HomeViewController.swift in Sources */,
				D02AE73B2BC73707002EB115 /* AppDelegate.swift in Sources */,
				D02AE75A2BC7444C002EB115 /* HomeViewModel.swift in Sources */,
				D02AE73D2BC73707002EB115 /* SceneDelegate.swift in Sources */,
			);
			runOnlyForDeploymentPostprocessing = 0;
		};
/* End PBXSourcesBuildPhase section */

/* Begin PBXTargetDependency section */
		D02AE7642BC74FEB002EB115 /* PBXTargetDependency */ = {
			isa = PBXTargetDependency;
			productRef = D02AE7632BC74FEB002EB115 /* SwiftLintPlugin */;
		};
/* End PBXTargetDependency section */

/* Begin PBXVariantGroup section */
		D02AE7402BC73707002EB115 /* Main.storyboard */ = {
			isa = PBXVariantGroup;
			children = (
				D02AE7412BC73707002EB115 /* Base */,
			);
			name = Main.storyboard;
			sourceTree = "<group>";
		};
		D02AE7452BC73709002EB115 /* LaunchScreen.storyboard */ = {
			isa = PBXVariantGroup;
			children = (
				D02AE7462BC73709002EB115 /* Base */,
			);
			name = LaunchScreen.storyboard;
			sourceTree = "<group>";
		};
/* End PBXVariantGroup section */

/* Begin XCBuildConfiguration section */
		D02AE7492BC73709002EB115 /* Debug */ = {
			isa = XCBuildConfiguration;
			buildSettings = {
				ALWAYS_SEARCH_USER_PATHS = NO;
				ASSETCATALOG_COMPILER_GENERATE_SWIFT_ASSET_SYMBOL_EXTENSIONS = YES;
				CLANG_ANALYZER_NONNULL = YES;
				CLANG_ANALYZER_NUMBER_OBJECT_CONVERSION = YES_AGGRESSIVE;
				CLANG_CXX_LANGUAGE_STANDARD = "gnu++20";
				CLANG_ENABLE_MODULES = YES;
				CLANG_ENABLE_OBJC_ARC = YES;
				CLANG_ENABLE_OBJC_WEAK = YES;
				CLANG_WARN_BLOCK_CAPTURE_AUTORELEASING = YES;
				CLANG_WARN_BOOL_CONVERSION = YES;
				CLANG_WARN_COMMA = YES;
				CLANG_WARN_CONSTANT_CONVERSION = YES;
				CLANG_WARN_DEPRECATED_OBJC_IMPLEMENTATIONS = YES;
				CLANG_WARN_DIRECT_OBJC_ISA_USAGE = YES_ERROR;
				CLANG_WARN_DOCUMENTATION_COMMENTS = YES;
				CLANG_WARN_EMPTY_BODY = YES;
				CLANG_WARN_ENUM_CONVERSION = YES;
				CLANG_WARN_INFINITE_RECURSION = YES;
				CLANG_WARN_INT_CONVERSION = YES;
				CLANG_WARN_NON_LITERAL_NULL_CONVERSION = YES;
				CLANG_WARN_OBJC_IMPLICIT_RETAIN_SELF = YES;
				CLANG_WARN_OBJC_LITERAL_CONVERSION = YES;
				CLANG_WARN_OBJC_ROOT_CLASS = YES_ERROR;
				CLANG_WARN_QUOTED_INCLUDE_IN_FRAMEWORK_HEADER = YES;
				CLANG_WARN_RANGE_LOOP_ANALYSIS = YES;
				CLANG_WARN_STRICT_PROTOTYPES = YES;
				CLANG_WARN_SUSPICIOUS_MOVE = YES;
				CLANG_WARN_UNGUARDED_AVAILABILITY = YES_AGGRESSIVE;
				CLANG_WARN_UNREACHABLE_CODE = YES;
				CLANG_WARN__DUPLICATE_METHOD_MATCH = YES;
				COPY_PHASE_STRIP = NO;
				DEBUG_INFORMATION_FORMAT = dwarf;
				ENABLE_STRICT_OBJC_MSGSEND = YES;
				ENABLE_TESTABILITY = YES;
				ENABLE_USER_SCRIPT_SANDBOXING = NO;
				GCC_C_LANGUAGE_STANDARD = gnu17;
				GCC_DYNAMIC_NO_PIC = NO;
				GCC_NO_COMMON_BLOCKS = YES;
				GCC_OPTIMIZATION_LEVEL = 0;
				GCC_PREPROCESSOR_DEFINITIONS = (
					"DEBUG=1",
					"$(inherited)",
				);
				GCC_WARN_64_TO_32_BIT_CONVERSION = YES;
				GCC_WARN_ABOUT_RETURN_TYPE = YES_ERROR;
				GCC_WARN_UNDECLARED_SELECTOR = YES;
				GCC_WARN_UNINITIALIZED_AUTOS = YES_AGGRESSIVE;
				GCC_WARN_UNUSED_FUNCTION = YES;
				GCC_WARN_UNUSED_VARIABLE = YES;
				IPHONEOS_DEPLOYMENT_TARGET = 17.4;
				LOCALIZATION_PREFERS_STRING_CATALOGS = YES;
				MTL_ENABLE_DEBUG_INFO = INCLUDE_SOURCE;
				MTL_FAST_MATH = YES;
				ONLY_ACTIVE_ARCH = YES;
				SDKROOT = iphoneos;
				SWIFT_ACTIVE_COMPILATION_CONDITIONS = "DEBUG $(inherited)";
				SWIFT_OPTIMIZATION_LEVEL = "-Onone";
			};
			name = Debug;
		};
		D02AE74A2BC73709002EB115 /* Release */ = {
			isa = XCBuildConfiguration;
			buildSettings = {
				ALWAYS_SEARCH_USER_PATHS = NO;
				ASSETCATALOG_COMPILER_GENERATE_SWIFT_ASSET_SYMBOL_EXTENSIONS = YES;
				CLANG_ANALYZER_NONNULL = YES;
				CLANG_ANALYZER_NUMBER_OBJECT_CONVERSION = YES_AGGRESSIVE;
				CLANG_CXX_LANGUAGE_STANDARD = "gnu++20";
				CLANG_ENABLE_MODULES = YES;
				CLANG_ENABLE_OBJC_ARC = YES;
				CLANG_ENABLE_OBJC_WEAK = YES;
				CLANG_WARN_BLOCK_CAPTURE_AUTORELEASING = YES;
				CLANG_WARN_BOOL_CONVERSION = YES;
				CLANG_WARN_COMMA = YES;
				CLANG_WARN_CONSTANT_CONVERSION = YES;
				CLANG_WARN_DEPRECATED_OBJC_IMPLEMENTATIONS = YES;
				CLANG_WARN_DIRECT_OBJC_ISA_USAGE = YES_ERROR;
				CLANG_WARN_DOCUMENTATION_COMMENTS = YES;
				CLANG_WARN_EMPTY_BODY = YES;
				CLANG_WARN_ENUM_CONVERSION = YES;
				CLANG_WARN_INFINITE_RECURSION = YES;
				CLANG_WARN_INT_CONVERSION = YES;
				CLANG_WARN_NON_LITERAL_NULL_CONVERSION = YES;
				CLANG_WARN_OBJC_IMPLICIT_RETAIN_SELF = YES;
				CLANG_WARN_OBJC_LITERAL_CONVERSION = YES;
				CLANG_WARN_OBJC_ROOT_CLASS = YES_ERROR;
				CLANG_WARN_QUOTED_INCLUDE_IN_FRAMEWORK_HEADER = YES;
				CLANG_WARN_RANGE_LOOP_ANALYSIS = YES;
				CLANG_WARN_STRICT_PROTOTYPES = YES;
				CLANG_WARN_SUSPICIOUS_MOVE = YES;
				CLANG_WARN_UNGUARDED_AVAILABILITY = YES_AGGRESSIVE;
				CLANG_WARN_UNREACHABLE_CODE = YES;
				CLANG_WARN__DUPLICATE_METHOD_MATCH = YES;
				COPY_PHASE_STRIP = NO;
				DEBUG_INFORMATION_FORMAT = "dwarf-with-dsym";
				ENABLE_NS_ASSERTIONS = NO;
				ENABLE_STRICT_OBJC_MSGSEND = YES;
				ENABLE_USER_SCRIPT_SANDBOXING = NO;
				GCC_C_LANGUAGE_STANDARD = gnu17;
				GCC_NO_COMMON_BLOCKS = YES;
				GCC_WARN_64_TO_32_BIT_CONVERSION = YES;
				GCC_WARN_ABOUT_RETURN_TYPE = YES_ERROR;
				GCC_WARN_UNDECLARED_SELECTOR = YES;
				GCC_WARN_UNINITIALIZED_AUTOS = YES_AGGRESSIVE;
				GCC_WARN_UNUSED_FUNCTION = YES;
				GCC_WARN_UNUSED_VARIABLE = YES;
				IPHONEOS_DEPLOYMENT_TARGET = 17.4;
				LOCALIZATION_PREFERS_STRING_CATALOGS = YES;
				MTL_ENABLE_DEBUG_INFO = NO;
				MTL_FAST_MATH = YES;
				SDKROOT = iphoneos;
				SWIFT_COMPILATION_MODE = wholemodule;
				VALIDATE_PRODUCT = YES;
			};
			name = Release;
		};
		D02AE74C2BC73709002EB115 /* Debug */ = {
			isa = XCBuildConfiguration;
			buildSettings = {
				ASSETCATALOG_COMPILER_APPICON_NAME = AppIcon;
				ASSETCATALOG_COMPILER_GLOBAL_ACCENT_COLOR_NAME = AccentColor;
				CODE_SIGN_STYLE = Automatic;
				CURRENT_PROJECT_VERSION = 1;
				DEVELOPMENT_TEAM = XUYG7TPG2C;
				GENERATE_INFOPLIST_FILE = YES;
				INFOPLIST_FILE = Todoey/Info.plist;
				INFOPLIST_KEY_UIApplicationSupportsIndirectInputEvents = YES;
				INFOPLIST_KEY_UILaunchStoryboardName = LaunchScreen;
				INFOPLIST_KEY_UIMainStoryboardFile = Main;
				INFOPLIST_KEY_UISupportedInterfaceOrientations_iPad = "UIInterfaceOrientationPortrait UIInterfaceOrientationPortraitUpsideDown UIInterfaceOrientationLandscapeLeft UIInterfaceOrientationLandscapeRight";
				INFOPLIST_KEY_UISupportedInterfaceOrientations_iPhone = "UIInterfaceOrientationPortrait UIInterfaceOrientationLandscapeLeft UIInterfaceOrientationLandscapeRight";
				LD_RUNPATH_SEARCH_PATHS = (
					"$(inherited)",
					"@executable_path/Frameworks",
				);
				MARKETING_VERSION = 1.0;
				PRODUCT_BUNDLE_IDENTIFIER = bolotska.com.Todoey;
				PRODUCT_NAME = "$(TARGET_NAME)";
				SWIFT_EMIT_LOC_STRINGS = YES;
				SWIFT_VERSION = 5.0;
				TARGETED_DEVICE_FAMILY = "1,2";
			};
			name = Debug;
		};
		D02AE74D2BC73709002EB115 /* Release */ = {
			isa = XCBuildConfiguration;
			buildSettings = {
				ASSETCATALOG_COMPILER_APPICON_NAME = AppIcon;
				ASSETCATALOG_COMPILER_GLOBAL_ACCENT_COLOR_NAME = AccentColor;
				CODE_SIGN_STYLE = Automatic;
				CURRENT_PROJECT_VERSION = 1;
				DEVELOPMENT_TEAM = XUYG7TPG2C;
				GENERATE_INFOPLIST_FILE = YES;
				INFOPLIST_FILE = Todoey/Info.plist;
				INFOPLIST_KEY_UIApplicationSupportsIndirectInputEvents = YES;
				INFOPLIST_KEY_UILaunchStoryboardName = LaunchScreen;
				INFOPLIST_KEY_UIMainStoryboardFile = Main;
				INFOPLIST_KEY_UISupportedInterfaceOrientations_iPad = "UIInterfaceOrientationPortrait UIInterfaceOrientationPortraitUpsideDown UIInterfaceOrientationLandscapeLeft UIInterfaceOrientationLandscapeRight";
				INFOPLIST_KEY_UISupportedInterfaceOrientations_iPhone = "UIInterfaceOrientationPortrait UIInterfaceOrientationLandscapeLeft UIInterfaceOrientationLandscapeRight";
				LD_RUNPATH_SEARCH_PATHS = (
					"$(inherited)",
					"@executable_path/Frameworks",
				);
				MARKETING_VERSION = 1.0;
				PRODUCT_BUNDLE_IDENTIFIER = bolotska.com.Todoey;
				PRODUCT_NAME = "$(TARGET_NAME)";
				SWIFT_EMIT_LOC_STRINGS = YES;
				SWIFT_VERSION = 5.0;
				TARGETED_DEVICE_FAMILY = "1,2";
			};
			name = Release;
		};
/* End XCBuildConfiguration section */

/* Begin XCConfigurationList section */
		D02AE7322BC73707002EB115 /* Build configuration list for PBXProject "Todoey" */ = {
			isa = XCConfigurationList;
			buildConfigurations = (
				D02AE7492BC73709002EB115 /* Debug */,
				D02AE74A2BC73709002EB115 /* Release */,
			);
			defaultConfigurationIsVisible = 0;
			defaultConfigurationName = Release;
		};
		D02AE74B2BC73709002EB115 /* Build configuration list for PBXNativeTarget "Todoey" */ = {
			isa = XCConfigurationList;
			buildConfigurations = (
				D02AE74C2BC73709002EB115 /* Debug */,
				D02AE74D2BC73709002EB115 /* Release */,
			);
			defaultConfigurationIsVisible = 0;
			defaultConfigurationName = Release;
		};
/* End XCConfigurationList section */

/* Begin XCRemoteSwiftPackageReference section */
		D02AE74E2BC741DB002EB115 /* XCRemoteSwiftPackageReference "SnapKit" */ = {
			isa = XCRemoteSwiftPackageReference;
			repositoryURL = "https://github.com/SnapKit/SnapKit.git";
			requirement = {
				kind = upToNextMajorVersion;
				minimumVersion = 5.7.1;
			};
		};
		D02AE75B2BC74BAA002EB115 /* XCRemoteSwiftPackageReference "SwiftLint" */ = {
			isa = XCRemoteSwiftPackageReference;
			repositoryURL = "https://github.com/realm/SwiftLint.git";
			requirement = {
				kind = upToNextMajorVersion;
				minimumVersion = 0.54.0;
			};
		};
/* End XCRemoteSwiftPackageReference section */

/* Begin XCSwiftPackageProductDependency section */
		D02AE74F2BC741DB002EB115 /* SnapKit */ = {
			isa = XCSwiftPackageProductDependency;
			package = D02AE74E2BC741DB002EB115 /* XCRemoteSwiftPackageReference "SnapKit" */;
			productName = SnapKit;
		};
		D02AE7512BC741DB002EB115 /* SnapKit-Dynamic */ = {
			isa = XCSwiftPackageProductDependency;
			package = D02AE74E2BC741DB002EB115 /* XCRemoteSwiftPackageReference "SnapKit" */;
			productName = "SnapKit-Dynamic";
		};
		D02AE7632BC74FEB002EB115 /* SwiftLintPlugin */ = {
			isa = XCSwiftPackageProductDependency;
			package = D02AE75B2BC74BAA002EB115 /* XCRemoteSwiftPackageReference "SwiftLint" */;
			productName = "plugin:SwiftLintPlugin";
		};
/* End XCSwiftPackageProductDependency section */

/* Begin XCVersionGroup section */
		D07025792BC937E600B6AF5C /* CoreDataItem.xcdatamodeld */ = {
			isa = XCVersionGroup;
			children = (
				D070257A2BC937E600B6AF5C /* CoreDataItem.xcdatamodel */,
			);
			currentVersion = D070257A2BC937E600B6AF5C /* CoreDataItem.xcdatamodel */;
			name = CoreDataItem.xcdatamodeld;
			path = "/Volumes/Media/Xcode/Angela-Yu-iOS-Development-Bootcamp/Todoey/Todoey/Application/CoreDataItem.xcdatamodeld";
			sourceTree = "<group>";
			versionGroupType = wrapper.xcdatamodel;
		};
/* End XCVersionGroup section */
	};
	rootObject = D02AE72F2BC73707002EB115 /* Project object */;
}
