// !$*UTF8*$!
{
	archiveVersion = 1;
	classes = {
	};
	objectVersion = 56;
	objects = {

/* Begin PBXBuildFile section */
		D0427CCF2BB93B9100FDC210 /* LoginPresenter.swift in Sources */ = {isa = PBXBuildFile; fileRef = D0427CCE2BB93B9100FDC210 /* LoginPresenter.swift */; };
		D0427CD12BB93BCD00FDC210 /* LoginViewController.swift in Sources */ = {isa = PBXBuildFile; fileRef = D0427CD02BB93BCD00FDC210 /* LoginViewController.swift */; };
		D0427CD32BB945F700FDC210 /* LoginModel.swift in Sources */ = {isa = PBXBuildFile; fileRef = D0427CD22BB945F700FDC210 /* LoginModel.swift */; };
		D0427CD52BB98B0700FDC210 /* RegisterPresenter.swift in Sources */ = {isa = PBXBuildFile; fileRef = D0427CD42BB98B0600FDC210 /* RegisterPresenter.swift */; };
		D0427CD72BB98B9000FDC210 /* RegisterViewController.swift in Sources */ = {isa = PBXBuildFile; fileRef = D0427CD62BB98B9000FDC210 /* RegisterViewController.swift */; };
		D0427CD92BB98BFD00FDC210 /* RegisterModel.swift in Sources */ = {isa = PBXBuildFile; fileRef = D0427CD82BB98BFD00FDC210 /* RegisterModel.swift */; };
		D0427CDB2BB98DB700FDC210 /* ChatPresenter.swift in Sources */ = {isa = PBXBuildFile; fileRef = D0427CDA2BB98DB700FDC210 /* ChatPresenter.swift */; };
		D0427CDD2BB98DFE00FDC210 /* ChatViewController.swift in Sources */ = {isa = PBXBuildFile; fileRef = D0427CDC2BB98DFE00FDC210 /* ChatViewController.swift */; };
		D0427CDF2BB98E0E00FDC210 /* ChatModel.swift in Sources */ = {isa = PBXBuildFile; fileRef = D0427CDE2BB98E0E00FDC210 /* ChatModel.swift */; };
		D0427CE32BB9969E00FDC210 /* ChatCell.swift in Sources */ = {isa = PBXBuildFile; fileRef = D0427CE22BB9969E00FDC210 /* ChatCell.swift */; };
		D070CEAE2BB9EF6E00E0BA93 /* GhostTypewriter in Frameworks */ = {isa = PBXBuildFile; productRef = D070CEAD2BB9EF6E00E0BA93 /* GhostTypewriter */; };
		D070CEB12BBA094100E0BA93 /* GoogleService-Info.plist in Resources */ = {isa = PBXBuildFile; fileRef = D070CEB02BBA094100E0BA93 /* GoogleService-Info.plist */; };
		D070CEB32BBA0B3900E0BA93 /* FirebaseAnalytics in Frameworks */ = {isa = PBXBuildFile; productRef = D070CEB22BBA0B3900E0BA93 /* FirebaseAnalytics */; };
		D070CEB52BBA0B3900E0BA93 /* FirebaseAnalyticsOnDeviceConversion in Frameworks */ = {isa = PBXBuildFile; productRef = D070CEB42BBA0B3900E0BA93 /* FirebaseAnalyticsOnDeviceConversion */; };
		D070CEB72BBA0B3900E0BA93 /* FirebaseAnalyticsSwift in Frameworks */ = {isa = PBXBuildFile; productRef = D070CEB62BBA0B3900E0BA93 /* FirebaseAnalyticsSwift */; };
		D070CEB92BBA0B3900E0BA93 /* FirebaseAnalyticsWithoutAdIdSupport in Frameworks */ = {isa = PBXBuildFile; productRef = D070CEB82BBA0B3900E0BA93 /* FirebaseAnalyticsWithoutAdIdSupport */; };
		D070CEBB2BBA0B3900E0BA93 /* FirebaseAppCheck in Frameworks */ = {isa = PBXBuildFile; productRef = D070CEBA2BBA0B3900E0BA93 /* FirebaseAppCheck */; };
		D070CEBD2BBA7D0A00E0BA93 /* FirebaseAuth in Frameworks */ = {isa = PBXBuildFile; productRef = D070CEBC2BBA7D0A00E0BA93 /* FirebaseAuth */; };
		D070CEBF2BBA7D0A00E0BA93 /* FirebaseAuthCombine-Community in Frameworks */ = {isa = PBXBuildFile; productRef = D070CEBE2BBA7D0A00E0BA93 /* FirebaseAuthCombine-Community */; };
		D070CEC12BBAB0C800E0BA93 /* Message.swift in Sources */ = {isa = PBXBuildFile; fileRef = D070CEC02BBAB0C800E0BA93 /* Message.swift */; };
		D0C4BEDD2BB191B7005E43F5 /* AppDelegate.swift in Sources */ = {isa = PBXBuildFile; fileRef = D0C4BEDC2BB191B7005E43F5 /* AppDelegate.swift */; };
		D0C4BEDF2BB191B7005E43F5 /* SceneDelegate.swift in Sources */ = {isa = PBXBuildFile; fileRef = D0C4BEDE2BB191B7005E43F5 /* SceneDelegate.swift */; };
		D0C4BEE12BB191B7005E43F5 /* WelcomeViewController.swift in Sources */ = {isa = PBXBuildFile; fileRef = D0C4BEE02BB191B7005E43F5 /* WelcomeViewController.swift */; };
		D0C4BEE42BB191B7005E43F5 /* Base in Resources */ = {isa = PBXBuildFile; fileRef = D0C4BEE32BB191B7005E43F5 /* Base */; };
		D0C4BEE62BB191BA005E43F5 /* Assets.xcassets in Resources */ = {isa = PBXBuildFile; fileRef = D0C4BEE52BB191BA005E43F5 /* Assets.xcassets */; };
		D0C4BEE92BB191BA005E43F5 /* Base in Resources */ = {isa = PBXBuildFile; fileRef = D0C4BEE82BB191BA005E43F5 /* Base */; };
		D0E403B82BB354EE00C13EE5 /* Constants.swift in Sources */ = {isa = PBXBuildFile; fileRef = D0E403B72BB354EE00C13EE5 /* Constants.swift */; };
		D0E403BB2BB4DD7500C13EE5 /* SnapKit in Frameworks */ = {isa = PBXBuildFile; productRef = D0E403BA2BB4DD7500C13EE5 /* SnapKit */; };
		D0E403BD2BB4DD7500C13EE5 /* SnapKit-Dynamic in Frameworks */ = {isa = PBXBuildFile; productRef = D0E403BC2BB4DD7500C13EE5 /* SnapKit-Dynamic */; };
		D0E403C42BB546F800C13EE5 /* WelcomeModel.swift in Sources */ = {isa = PBXBuildFile; fileRef = D0E403C32BB546F800C13EE5 /* WelcomeModel.swift */; };
		D0E403CB2BB8174400C13EE5 /* WelcomePresenter.swift in Sources */ = {isa = PBXBuildFile; fileRef = D0E403CA2BB8174400C13EE5 /* WelcomePresenter.swift */; };
/* End PBXBuildFile section */

/* Begin PBXFileReference section */
		D0427CCE2BB93B9100FDC210 /* LoginPresenter.swift */ = {isa = PBXFileReference; lastKnownFileType = sourcecode.swift; path = LoginPresenter.swift; sourceTree = "<group>"; };
		D0427CD02BB93BCD00FDC210 /* LoginViewController.swift */ = {isa = PBXFileReference; lastKnownFileType = sourcecode.swift; path = LoginViewController.swift; sourceTree = "<group>"; };
		D0427CD22BB945F700FDC210 /* LoginModel.swift */ = {isa = PBXFileReference; lastKnownFileType = sourcecode.swift; path = LoginModel.swift; sourceTree = "<group>"; };
		D0427CD42BB98B0600FDC210 /* RegisterPresenter.swift */ = {isa = PBXFileReference; lastKnownFileType = sourcecode.swift; path = RegisterPresenter.swift; sourceTree = "<group>"; };
		D0427CD62BB98B9000FDC210 /* RegisterViewController.swift */ = {isa = PBXFileReference; lastKnownFileType = sourcecode.swift; path = RegisterViewController.swift; sourceTree = "<group>"; };
		D0427CD82BB98BFD00FDC210 /* RegisterModel.swift */ = {isa = PBXFileReference; lastKnownFileType = sourcecode.swift; path = RegisterModel.swift; sourceTree = "<group>"; };
		D0427CDA2BB98DB700FDC210 /* ChatPresenter.swift */ = {isa = PBXFileReference; lastKnownFileType = sourcecode.swift; path = ChatPresenter.swift; sourceTree = "<group>"; };
		D0427CDC2BB98DFE00FDC210 /* ChatViewController.swift */ = {isa = PBXFileReference; lastKnownFileType = sourcecode.swift; path = ChatViewController.swift; sourceTree = "<group>"; };
		D0427CDE2BB98E0E00FDC210 /* ChatModel.swift */ = {isa = PBXFileReference; lastKnownFileType = sourcecode.swift; path = ChatModel.swift; sourceTree = "<group>"; };
		D0427CE22BB9969E00FDC210 /* ChatCell.swift */ = {isa = PBXFileReference; lastKnownFileType = sourcecode.swift; path = ChatCell.swift; sourceTree = "<group>"; };
		D070CEB02BBA094100E0BA93 /* GoogleService-Info.plist */ = {isa = PBXFileReference; fileEncoding = 4; lastKnownFileType = text.plist.xml; path = "GoogleService-Info.plist"; sourceTree = "<group>"; };
		D070CEC02BBAB0C800E0BA93 /* Message.swift */ = {isa = PBXFileReference; lastKnownFileType = sourcecode.swift; path = Message.swift; sourceTree = "<group>"; };
		D0C4BED92BB191B7005E43F5 /* FlashChat.app */ = {isa = PBXFileReference; explicitFileType = wrapper.application; includeInIndex = 0; path = FlashChat.app; sourceTree = BUILT_PRODUCTS_DIR; };
		D0C4BEDC2BB191B7005E43F5 /* AppDelegate.swift */ = {isa = PBXFileReference; lastKnownFileType = sourcecode.swift; path = AppDelegate.swift; sourceTree = "<group>"; };
		D0C4BEDE2BB191B7005E43F5 /* SceneDelegate.swift */ = {isa = PBXFileReference; lastKnownFileType = sourcecode.swift; path = SceneDelegate.swift; sourceTree = "<group>"; };
		D0C4BEE02BB191B7005E43F5 /* WelcomeViewController.swift */ = {isa = PBXFileReference; lastKnownFileType = sourcecode.swift; path = WelcomeViewController.swift; sourceTree = "<group>"; };
		D0C4BEE32BB191B7005E43F5 /* Base */ = {isa = PBXFileReference; lastKnownFileType = file.storyboard; name = Base; path = Base.lproj/Main.storyboard; sourceTree = "<group>"; };
		D0C4BEE52BB191BA005E43F5 /* Assets.xcassets */ = {isa = PBXFileReference; lastKnownFileType = folder.assetcatalog; path = Assets.xcassets; sourceTree = "<group>"; };
		D0C4BEE82BB191BA005E43F5 /* Base */ = {isa = PBXFileReference; lastKnownFileType = file.storyboard; name = Base; path = Base.lproj/LaunchScreen.storyboard; sourceTree = "<group>"; };
		D0C4BEEA2BB191BA005E43F5 /* Info.plist */ = {isa = PBXFileReference; lastKnownFileType = text.plist.xml; path = Info.plist; sourceTree = "<group>"; };
		D0E403B72BB354EE00C13EE5 /* Constants.swift */ = {isa = PBXFileReference; fileEncoding = 4; lastKnownFileType = sourcecode.swift; path = Constants.swift; sourceTree = "<group>"; };
		D0E403C32BB546F800C13EE5 /* WelcomeModel.swift */ = {isa = PBXFileReference; lastKnownFileType = sourcecode.swift; path = WelcomeModel.swift; sourceTree = "<group>"; };
		D0E403CA2BB8174400C13EE5 /* WelcomePresenter.swift */ = {isa = PBXFileReference; lastKnownFileType = sourcecode.swift; path = WelcomePresenter.swift; sourceTree = "<group>"; };
/* End PBXFileReference section */

/* Begin PBXFrameworksBuildPhase section */
		D0C4BED62BB191B7005E43F5 /* Frameworks */ = {
			isa = PBXFrameworksBuildPhase;
			buildActionMask = 2147483647;
			files = (
				D070CEBB2BBA0B3900E0BA93 /* FirebaseAppCheck in Frameworks */,
				D070CEB72BBA0B3900E0BA93 /* FirebaseAnalyticsSwift in Frameworks */,
				D0E403BB2BB4DD7500C13EE5 /* SnapKit in Frameworks */,
				D070CEAE2BB9EF6E00E0BA93 /* GhostTypewriter in Frameworks */,
				D070CEBD2BBA7D0A00E0BA93 /* FirebaseAuth in Frameworks */,
				D070CEB52BBA0B3900E0BA93 /* FirebaseAnalyticsOnDeviceConversion in Frameworks */,
				D070CEB92BBA0B3900E0BA93 /* FirebaseAnalyticsWithoutAdIdSupport in Frameworks */,
				D070CEB32BBA0B3900E0BA93 /* FirebaseAnalytics in Frameworks */,
				D0E403BD2BB4DD7500C13EE5 /* SnapKit-Dynamic in Frameworks */,
				D070CEBF2BBA7D0A00E0BA93 /* FirebaseAuthCombine-Community in Frameworks */,
			);
			runOnlyForDeploymentPostprocessing = 0;
		};
/* End PBXFrameworksBuildPhase section */

/* Begin PBXGroup section */
		D0C4BED02BB191B7005E43F5 = {
			isa = PBXGroup;
			children = (
				D0C4BEDB2BB191B7005E43F5 /* FlashChat */,
				D0C4BEDA2BB191B7005E43F5 /* Products */,
			);
			sourceTree = "<group>";
		};
		D0C4BEDA2BB191B7005E43F5 /* Products */ = {
			isa = PBXGroup;
			children = (
				D0C4BED92BB191B7005E43F5 /* FlashChat.app */,
			);
			name = Products;
			sourceTree = "<group>";
		};
		D0C4BEDB2BB191B7005E43F5 /* FlashChat */ = {
			isa = PBXGroup;
			children = (
				D0E403C12BB4DDEC00C13EE5 /* Presenter */,
				D0E403C02BB4DDE300C13EE5 /* View */,
				D0E403BF2BB4DDDC00C13EE5 /* Model */,
				D0E403BE2BB4DDBF00C13EE5 /* Application */,
				D0C4BEE22BB191B7005E43F5 /* Main.storyboard */,
				D070CEB02BBA094100E0BA93 /* GoogleService-Info.plist */,
				D0C4BEE52BB191BA005E43F5 /* Assets.xcassets */,
				D0C4BEE72BB191BA005E43F5 /* LaunchScreen.storyboard */,
				D0C4BEEA2BB191BA005E43F5 /* Info.plist */,
			);
			path = FlashChat;
			sourceTree = "<group>";
		};
		D0E403BE2BB4DDBF00C13EE5 /* Application */ = {
			isa = PBXGroup;
			children = (
				D0E403B72BB354EE00C13EE5 /* Constants.swift */,
				D0C4BEDC2BB191B7005E43F5 /* AppDelegate.swift */,
				D0C4BEDE2BB191B7005E43F5 /* SceneDelegate.swift */,
			);
			path = Application;
			sourceTree = "<group>";
		};
		D0E403BF2BB4DDDC00C13EE5 /* Model */ = {
			isa = PBXGroup;
			children = (
				D0E403C32BB546F800C13EE5 /* WelcomeModel.swift */,
				D0427CD22BB945F700FDC210 /* LoginModel.swift */,
				D0427CD82BB98BFD00FDC210 /* RegisterModel.swift */,
				D0427CDE2BB98E0E00FDC210 /* ChatModel.swift */,
				D070CEC02BBAB0C800E0BA93 /* Message.swift */,
			);
			path = Model;
			sourceTree = "<group>";
		};
		D0E403C02BB4DDE300C13EE5 /* View */ = {
			isa = PBXGroup;
			children = (
				D0C4BEE02BB191B7005E43F5 /* WelcomeViewController.swift */,
				D0427CD02BB93BCD00FDC210 /* LoginViewController.swift */,
				D0427CD62BB98B9000FDC210 /* RegisterViewController.swift */,
				D0427CDC2BB98DFE00FDC210 /* ChatViewController.swift */,
				D0427CE22BB9969E00FDC210 /* ChatCell.swift */,
			);
			path = View;
			sourceTree = "<group>";
		};
		D0E403C12BB4DDEC00C13EE5 /* Presenter */ = {
			isa = PBXGroup;
			children = (
				D0E403CA2BB8174400C13EE5 /* WelcomePresenter.swift */,
				D0427CCE2BB93B9100FDC210 /* LoginPresenter.swift */,
				D0427CD42BB98B0600FDC210 /* RegisterPresenter.swift */,
				D0427CDA2BB98DB700FDC210 /* ChatPresenter.swift */,
			);
			path = Presenter;
			sourceTree = "<group>";
		};
/* End PBXGroup section */

/* Begin PBXNativeTarget section */
		D0C4BED82BB191B7005E43F5 /* FlashChat */ = {
			isa = PBXNativeTarget;
			buildConfigurationList = D0C4BEED2BB191BA005E43F5 /* Build configuration list for PBXNativeTarget "FlashChat" */;
			buildPhases = (
				D0C4BED52BB191B7005E43F5 /* Sources */,
				D0C4BED62BB191B7005E43F5 /* Frameworks */,
				D0C4BED72BB191B7005E43F5 /* Resources */,
			);
			buildRules = (
			);
			dependencies = (
			);
			name = FlashChat;
			packageProductDependencies = (
				D0E403BA2BB4DD7500C13EE5 /* SnapKit */,
				D0E403BC2BB4DD7500C13EE5 /* SnapKit-Dynamic */,
				D070CEAD2BB9EF6E00E0BA93 /* GhostTypewriter */,
				D070CEB22BBA0B3900E0BA93 /* FirebaseAnalytics */,
				D070CEB42BBA0B3900E0BA93 /* FirebaseAnalyticsOnDeviceConversion */,
				D070CEB62BBA0B3900E0BA93 /* FirebaseAnalyticsSwift */,
				D070CEB82BBA0B3900E0BA93 /* FirebaseAnalyticsWithoutAdIdSupport */,
				D070CEBA2BBA0B3900E0BA93 /* FirebaseAppCheck */,
				D070CEBC2BBA7D0A00E0BA93 /* FirebaseAuth */,
				D070CEBE2BBA7D0A00E0BA93 /* FirebaseAuthCombine-Community */,
			);
			productName = FlashChat;
			productReference = D0C4BED92BB191B7005E43F5 /* FlashChat.app */;
			productType = "com.apple.product-type.application";
		};
/* End PBXNativeTarget section */

/* Begin PBXProject section */
		D0C4BED12BB191B7005E43F5 /* Project object */ = {
			isa = PBXProject;
			attributes = {
				BuildIndependentTargetsInParallel = 1;
				LastSwiftUpdateCheck = 1530;
				LastUpgradeCheck = 1530;
				TargetAttributes = {
					D0C4BED82BB191B7005E43F5 = {
						CreatedOnToolsVersion = 15.3;
					};
				};
			};
			buildConfigurationList = D0C4BED42BB191B7005E43F5 /* Build configuration list for PBXProject "FlashChat" */;
			compatibilityVersion = "Xcode 14.0";
			developmentRegion = en;
			hasScannedForEncodings = 0;
			knownRegions = (
				en,
				Base,
			);
			mainGroup = D0C4BED02BB191B7005E43F5;
			packageReferences = (
				D0E403B92BB4DD7500C13EE5 /* XCRemoteSwiftPackageReference "SnapKit" */,
				D070CEAC2BB9EF6E00E0BA93 /* XCRemoteSwiftPackageReference "GhostTypewriter" */,
				D070CEAF2BBA092D00E0BA93 /* XCRemoteSwiftPackageReference "firebase-ios-sdk" */,
			);
			productRefGroup = D0C4BEDA2BB191B7005E43F5 /* Products */;
			projectDirPath = "";
			projectRoot = "";
			targets = (
				D0C4BED82BB191B7005E43F5 /* FlashChat */,
			);
		};
/* End PBXProject section */

/* Begin PBXResourcesBuildPhase section */
		D0C4BED72BB191B7005E43F5 /* Resources */ = {
			isa = PBXResourcesBuildPhase;
			buildActionMask = 2147483647;
			files = (
				D0C4BEE62BB191BA005E43F5 /* Assets.xcassets in Resources */,
				D070CEB12BBA094100E0BA93 /* GoogleService-Info.plist in Resources */,
				D0C4BEE92BB191BA005E43F5 /* Base in Resources */,
				D0C4BEE42BB191B7005E43F5 /* Base in Resources */,
			);
			runOnlyForDeploymentPostprocessing = 0;
		};
/* End PBXResourcesBuildPhase section */

/* Begin PBXSourcesBuildPhase section */
		D0C4BED52BB191B7005E43F5 /* Sources */ = {
			isa = PBXSourcesBuildPhase;
			buildActionMask = 2147483647;
			files = (
				D0C4BEE12BB191B7005E43F5 /* WelcomeViewController.swift in Sources */,
				D0427CDB2BB98DB700FDC210 /* ChatPresenter.swift in Sources */,
				D0427CD72BB98B9000FDC210 /* RegisterViewController.swift in Sources */,
				D070CEC12BBAB0C800E0BA93 /* Message.swift in Sources */,
				D0E403CB2BB8174400C13EE5 /* WelcomePresenter.swift in Sources */,
				D0427CCF2BB93B9100FDC210 /* LoginPresenter.swift in Sources */,
				D0427CDF2BB98E0E00FDC210 /* ChatModel.swift in Sources */,
				D0C4BEDD2BB191B7005E43F5 /* AppDelegate.swift in Sources */,
				D0427CD32BB945F700FDC210 /* LoginModel.swift in Sources */,
				D0427CD52BB98B0700FDC210 /* RegisterPresenter.swift in Sources */,
				D0427CE32BB9969E00FDC210 /* ChatCell.swift in Sources */,
				D0427CD12BB93BCD00FDC210 /* LoginViewController.swift in Sources */,
				D0427CD92BB98BFD00FDC210 /* RegisterModel.swift in Sources */,
				D0427CDD2BB98DFE00FDC210 /* ChatViewController.swift in Sources */,
				D0C4BEDF2BB191B7005E43F5 /* SceneDelegate.swift in Sources */,
				D0E403B82BB354EE00C13EE5 /* Constants.swift in Sources */,
				D0E403C42BB546F800C13EE5 /* WelcomeModel.swift in Sources */,
			);
			runOnlyForDeploymentPostprocessing = 0;
		};
/* End PBXSourcesBuildPhase section */

/* Begin PBXVariantGroup section */
		D0C4BEE22BB191B7005E43F5 /* Main.storyboard */ = {
			isa = PBXVariantGroup;
			children = (
				D0C4BEE32BB191B7005E43F5 /* Base */,
			);
			name = Main.storyboard;
			sourceTree = "<group>";
		};
		D0C4BEE72BB191BA005E43F5 /* LaunchScreen.storyboard */ = {
			isa = PBXVariantGroup;
			children = (
				D0C4BEE82BB191BA005E43F5 /* Base */,
			);
			name = LaunchScreen.storyboard;
			sourceTree = "<group>";
		};
/* End PBXVariantGroup section */

/* Begin XCBuildConfiguration section */
		D0C4BEEB2BB191BA005E43F5 /* Debug */ = {
			isa = XCBuildConfiguration;
			buildSettings = {
				ALWAYS_SEARCH_USER_PATHS = NO;
				ASSETCATALOG_COMPILER_GENERATE_SWIFT_ASSET_SYMBOL_EXTENSIONS = YES;
				CLANG_ANALYZER_NONNULL = YES;
				CLANG_ANALYZER_NUMBER_OBJECT_CONVERSION = YES_AGGRESSIVE;
				CLANG_CXX_LANGUAGE_STANDARD = "gnu++20";
				CLANG_ENABLE_MODULES = YES;
				CLANG_ENABLE_OBJC_ARC = YES;
				CLANG_ENABLE_OBJC_WEAK = YES;
				CLANG_WARN_BLOCK_CAPTURE_AUTORELEASING = YES;
				CLANG_WARN_BOOL_CONVERSION = YES;
				CLANG_WARN_COMMA = YES;
				CLANG_WARN_CONSTANT_CONVERSION = YES;
				CLANG_WARN_DEPRECATED_OBJC_IMPLEMENTATIONS = YES;
				CLANG_WARN_DIRECT_OBJC_ISA_USAGE = YES_ERROR;
				CLANG_WARN_DOCUMENTATION_COMMENTS = YES;
				CLANG_WARN_EMPTY_BODY = YES;
				CLANG_WARN_ENUM_CONVERSION = YES;
				CLANG_WARN_INFINITE_RECURSION = YES;
				CLANG_WARN_INT_CONVERSION = YES;
				CLANG_WARN_NON_LITERAL_NULL_CONVERSION = YES;
				CLANG_WARN_OBJC_IMPLICIT_RETAIN_SELF = YES;
				CLANG_WARN_OBJC_LITERAL_CONVERSION = YES;
				CLANG_WARN_OBJC_ROOT_CLASS = YES_ERROR;
				CLANG_WARN_QUOTED_INCLUDE_IN_FRAMEWORK_HEADER = YES;
				CLANG_WARN_RANGE_LOOP_ANALYSIS = YES;
				CLANG_WARN_STRICT_PROTOTYPES = YES;
				CLANG_WARN_SUSPICIOUS_MOVE = YES;
				CLANG_WARN_UNGUARDED_AVAILABILITY = YES_AGGRESSIVE;
				CLANG_WARN_UNREACHABLE_CODE = YES;
				CLANG_WARN__DUPLICATE_METHOD_MATCH = YES;
				COPY_PHASE_STRIP = NO;
				DEBUG_INFORMATION_FORMAT = dwarf;
				ENABLE_STRICT_OBJC_MSGSEND = YES;
				ENABLE_TESTABILITY = YES;
				ENABLE_USER_SCRIPT_SANDBOXING = NO;
				GCC_C_LANGUAGE_STANDARD = gnu17;
				GCC_DYNAMIC_NO_PIC = NO;
				GCC_NO_COMMON_BLOCKS = YES;
				GCC_OPTIMIZATION_LEVEL = 0;
				GCC_PREPROCESSOR_DEFINITIONS = (
					"DEBUG=1",
					"$(inherited)",
				);
				GCC_WARN_64_TO_32_BIT_CONVERSION = YES;
				GCC_WARN_ABOUT_RETURN_TYPE = YES_ERROR;
				GCC_WARN_UNDECLARED_SELECTOR = YES;
				GCC_WARN_UNINITIALIZED_AUTOS = YES_AGGRESSIVE;
				GCC_WARN_UNUSED_FUNCTION = YES;
				GCC_WARN_UNUSED_VARIABLE = YES;
				IPHONEOS_DEPLOYMENT_TARGET = 17.4;
				LOCALIZATION_PREFERS_STRING_CATALOGS = YES;
				MTL_ENABLE_DEBUG_INFO = INCLUDE_SOURCE;
				MTL_FAST_MATH = YES;
				ONLY_ACTIVE_ARCH = YES;
				SDKROOT = iphoneos;
				SWIFT_ACTIVE_COMPILATION_CONDITIONS = "DEBUG $(inherited)";
				SWIFT_OPTIMIZATION_LEVEL = "-Onone";
			};
			name = Debug;
		};
		D0C4BEEC2BB191BA005E43F5 /* Release */ = {
			isa = XCBuildConfiguration;
			buildSettings = {
				ALWAYS_SEARCH_USER_PATHS = NO;
				ASSETCATALOG_COMPILER_GENERATE_SWIFT_ASSET_SYMBOL_EXTENSIONS = YES;
				CLANG_ANALYZER_NONNULL = YES;
				CLANG_ANALYZER_NUMBER_OBJECT_CONVERSION = YES_AGGRESSIVE;
				CLANG_CXX_LANGUAGE_STANDARD = "gnu++20";
				CLANG_ENABLE_MODULES = YES;
				CLANG_ENABLE_OBJC_ARC = YES;
				CLANG_ENABLE_OBJC_WEAK = YES;
				CLANG_WARN_BLOCK_CAPTURE_AUTORELEASING = YES;
				CLANG_WARN_BOOL_CONVERSION = YES;
				CLANG_WARN_COMMA = YES;
				CLANG_WARN_CONSTANT_CONVERSION = YES;
				CLANG_WARN_DEPRECATED_OBJC_IMPLEMENTATIONS = YES;
				CLANG_WARN_DIRECT_OBJC_ISA_USAGE = YES_ERROR;
				CLANG_WARN_DOCUMENTATION_COMMENTS = YES;
				CLANG_WARN_EMPTY_BODY = YES;
				CLANG_WARN_ENUM_CONVERSION = YES;
				CLANG_WARN_INFINITE_RECURSION = YES;
				CLANG_WARN_INT_CONVERSION = YES;
				CLANG_WARN_NON_LITERAL_NULL_CONVERSION = YES;
				CLANG_WARN_OBJC_IMPLICIT_RETAIN_SELF = YES;
				CLANG_WARN_OBJC_LITERAL_CONVERSION = YES;
				CLANG_WARN_OBJC_ROOT_CLASS = YES_ERROR;
				CLANG_WARN_QUOTED_INCLUDE_IN_FRAMEWORK_HEADER = YES;
				CLANG_WARN_RANGE_LOOP_ANALYSIS = YES;
				CLANG_WARN_STRICT_PROTOTYPES = YES;
				CLANG_WARN_SUSPICIOUS_MOVE = YES;
				CLANG_WARN_UNGUARDED_AVAILABILITY = YES_AGGRESSIVE;
				CLANG_WARN_UNREACHABLE_CODE = YES;
				CLANG_WARN__DUPLICATE_METHOD_MATCH = YES;
				COPY_PHASE_STRIP = NO;
				DEBUG_INFORMATION_FORMAT = "dwarf-with-dsym";
				ENABLE_NS_ASSERTIONS = NO;
				ENABLE_STRICT_OBJC_MSGSEND = YES;
				ENABLE_USER_SCRIPT_SANDBOXING = NO;
				GCC_C_LANGUAGE_STANDARD = gnu17;
				GCC_NO_COMMON_BLOCKS = YES;
				GCC_WARN_64_TO_32_BIT_CONVERSION = YES;
				GCC_WARN_ABOUT_RETURN_TYPE = YES_ERROR;
				GCC_WARN_UNDECLARED_SELECTOR = YES;
				GCC_WARN_UNINITIALIZED_AUTOS = YES_AGGRESSIVE;
				GCC_WARN_UNUSED_FUNCTION = YES;
				GCC_WARN_UNUSED_VARIABLE = YES;
				IPHONEOS_DEPLOYMENT_TARGET = 17.4;
				LOCALIZATION_PREFERS_STRING_CATALOGS = YES;
				MTL_ENABLE_DEBUG_INFO = NO;
				MTL_FAST_MATH = YES;
				SDKROOT = iphoneos;
				SWIFT_COMPILATION_MODE = wholemodule;
				VALIDATE_PRODUCT = YES;
			};
			name = Release;
		};
		D0C4BEEE2BB191BA005E43F5 /* Debug */ = {
			isa = XCBuildConfiguration;
			buildSettings = {
				ASSETCATALOG_COMPILER_APPICON_NAME = AppIcon;
				ASSETCATALOG_COMPILER_GLOBAL_ACCENT_COLOR_NAME = AccentColor;
				CODE_SIGN_STYLE = Automatic;
				CURRENT_PROJECT_VERSION = 1;
				DEVELOPMENT_TEAM = XUYG7TPG2C;
				GENERATE_INFOPLIST_FILE = YES;
				INFOPLIST_FILE = FlashChat/Info.plist;
				INFOPLIST_KEY_UIApplicationSupportsIndirectInputEvents = YES;
				INFOPLIST_KEY_UILaunchStoryboardName = LaunchScreen;
				INFOPLIST_KEY_UIMainStoryboardFile = Main;
				INFOPLIST_KEY_UISupportedInterfaceOrientations_iPad = "UIInterfaceOrientationPortrait UIInterfaceOrientationPortraitUpsideDown UIInterfaceOrientationLandscapeLeft UIInterfaceOrientationLandscapeRight";
				INFOPLIST_KEY_UISupportedInterfaceOrientations_iPhone = "UIInterfaceOrientationPortrait UIInterfaceOrientationLandscapeLeft UIInterfaceOrientationLandscapeRight";
				IPHONEOS_DEPLOYMENT_TARGET = 15.0;
				LD_RUNPATH_SEARCH_PATHS = (
					"$(inherited)",
					"@executable_path/Frameworks",
				);
				MARKETING_VERSION = 1.0;
				PRODUCT_BUNDLE_IDENTIFIER = bolotska.com.FlashChat;
				PRODUCT_NAME = "$(TARGET_NAME)";
				SWIFT_EMIT_LOC_STRINGS = YES;
				SWIFT_VERSION = 5.0;
				TARGETED_DEVICE_FAMILY = "1,2";
			};
			name = Debug;
		};
		D0C4BEEF2BB191BA005E43F5 /* Release */ = {
			isa = XCBuildConfiguration;
			buildSettings = {
				ASSETCATALOG_COMPILER_APPICON_NAME = AppIcon;
				ASSETCATALOG_COMPILER_GLOBAL_ACCENT_COLOR_NAME = AccentColor;
				CODE_SIGN_STYLE = Automatic;
				CURRENT_PROJECT_VERSION = 1;
				DEVELOPMENT_TEAM = XUYG7TPG2C;
				GENERATE_INFOPLIST_FILE = YES;
				INFOPLIST_FILE = FlashChat/Info.plist;
				INFOPLIST_KEY_UIApplicationSupportsIndirectInputEvents = YES;
				INFOPLIST_KEY_UILaunchStoryboardName = LaunchScreen;
				INFOPLIST_KEY_UIMainStoryboardFile = Main;
				INFOPLIST_KEY_UISupportedInterfaceOrientations_iPad = "UIInterfaceOrientationPortrait UIInterfaceOrientationPortraitUpsideDown UIInterfaceOrientationLandscapeLeft UIInterfaceOrientationLandscapeRight";
				INFOPLIST_KEY_UISupportedInterfaceOrientations_iPhone = "UIInterfaceOrientationPortrait UIInterfaceOrientationLandscapeLeft UIInterfaceOrientationLandscapeRight";
				IPHONEOS_DEPLOYMENT_TARGET = 15.0;
				LD_RUNPATH_SEARCH_PATHS = (
					"$(inherited)",
					"@executable_path/Frameworks",
				);
				MARKETING_VERSION = 1.0;
				PRODUCT_BUNDLE_IDENTIFIER = bolotska.com.FlashChat;
				PRODUCT_NAME = "$(TARGET_NAME)";
				SWIFT_EMIT_LOC_STRINGS = YES;
				SWIFT_VERSION = 5.0;
				TARGETED_DEVICE_FAMILY = "1,2";
			};
			name = Release;
		};
/* End XCBuildConfiguration section */

/* Begin XCConfigurationList section */
		D0C4BED42BB191B7005E43F5 /* Build configuration list for PBXProject "FlashChat" */ = {
			isa = XCConfigurationList;
			buildConfigurations = (
				D0C4BEEB2BB191BA005E43F5 /* Debug */,
				D0C4BEEC2BB191BA005E43F5 /* Release */,
			);
			defaultConfigurationIsVisible = 0;
			defaultConfigurationName = Release;
		};
		D0C4BEED2BB191BA005E43F5 /* Build configuration list for PBXNativeTarget "FlashChat" */ = {
			isa = XCConfigurationList;
			buildConfigurations = (
				D0C4BEEE2BB191BA005E43F5 /* Debug */,
				D0C4BEEF2BB191BA005E43F5 /* Release */,
			);
			defaultConfigurationIsVisible = 0;
			defaultConfigurationName = Release;
		};
/* End XCConfigurationList section */

/* Begin XCRemoteSwiftPackageReference section */
		D070CEAC2BB9EF6E00E0BA93 /* XCRemoteSwiftPackageReference "GhostTypewriter" */ = {
			isa = XCRemoteSwiftPackageReference;
			repositoryURL = "https://github.com/wibosco/GhostTypewriter.git";
			requirement = {
				kind = upToNextMajorVersion;
				minimumVersion = 2.1.0;
			};
		};
		D070CEAF2BBA092D00E0BA93 /* XCRemoteSwiftPackageReference "firebase-ios-sdk" */ = {
			isa = XCRemoteSwiftPackageReference;
			repositoryURL = "https://github.com/firebase/firebase-ios-sdk";
			requirement = {
				kind = upToNextMajorVersion;
				minimumVersion = 10.23.1;
			};
		};
		D0E403B92BB4DD7500C13EE5 /* XCRemoteSwiftPackageReference "SnapKit" */ = {
			isa = XCRemoteSwiftPackageReference;
			repositoryURL = "https://github.com/SnapKit/SnapKit.git";
			requirement = {
				kind = upToNextMajorVersion;
				minimumVersion = 5.7.1;
			};
		};
/* End XCRemoteSwiftPackageReference section */

/* Begin XCSwiftPackageProductDependency section */
		D070CEAD2BB9EF6E00E0BA93 /* GhostTypewriter */ = {
			isa = XCSwiftPackageProductDependency;
			package = D070CEAC2BB9EF6E00E0BA93 /* XCRemoteSwiftPackageReference "GhostTypewriter" */;
			productName = GhostTypewriter;
		};
		D070CEB22BBA0B3900E0BA93 /* FirebaseAnalytics */ = {
			isa = XCSwiftPackageProductDependency;
			package = D070CEAF2BBA092D00E0BA93 /* XCRemoteSwiftPackageReference "firebase-ios-sdk" */;
			productName = FirebaseAnalytics;
		};
		D070CEB42BBA0B3900E0BA93 /* FirebaseAnalyticsOnDeviceConversion */ = {
			isa = XCSwiftPackageProductDependency;
			package = D070CEAF2BBA092D00E0BA93 /* XCRemoteSwiftPackageReference "firebase-ios-sdk" */;
			productName = FirebaseAnalyticsOnDeviceConversion;
		};
		D070CEB62BBA0B3900E0BA93 /* FirebaseAnalyticsSwift */ = {
			isa = XCSwiftPackageProductDependency;
			package = D070CEAF2BBA092D00E0BA93 /* XCRemoteSwiftPackageReference "firebase-ios-sdk" */;
			productName = FirebaseAnalyticsSwift;
		};
		D070CEB82BBA0B3900E0BA93 /* FirebaseAnalyticsWithoutAdIdSupport */ = {
			isa = XCSwiftPackageProductDependency;
			package = D070CEAF2BBA092D00E0BA93 /* XCRemoteSwiftPackageReference "firebase-ios-sdk" */;
			productName = FirebaseAnalyticsWithoutAdIdSupport;
		};
		D070CEBA2BBA0B3900E0BA93 /* FirebaseAppCheck */ = {
			isa = XCSwiftPackageProductDependency;
			package = D070CEAF2BBA092D00E0BA93 /* XCRemoteSwiftPackageReference "firebase-ios-sdk" */;
			productName = FirebaseAppCheck;
		};
		D070CEBC2BBA7D0A00E0BA93 /* FirebaseAuth */ = {
			isa = XCSwiftPackageProductDependency;
			package = D070CEAF2BBA092D00E0BA93 /* XCRemoteSwiftPackageReference "firebase-ios-sdk" */;
			productName = FirebaseAuth;
		};
		D070CEBE2BBA7D0A00E0BA93 /* FirebaseAuthCombine-Community */ = {
			isa = XCSwiftPackageProductDependency;
			package = D070CEAF2BBA092D00E0BA93 /* XCRemoteSwiftPackageReference "firebase-ios-sdk" */;
			productName = "FirebaseAuthCombine-Community";
		};
		D0E403BA2BB4DD7500C13EE5 /* SnapKit */ = {
			isa = XCSwiftPackageProductDependency;
			package = D0E403B92BB4DD7500C13EE5 /* XCRemoteSwiftPackageReference "SnapKit" */;
			productName = SnapKit;
		};
		D0E403BC2BB4DD7500C13EE5 /* SnapKit-Dynamic */ = {
			isa = XCSwiftPackageProductDependency;
			package = D0E403B92BB4DD7500C13EE5 /* XCRemoteSwiftPackageReference "SnapKit" */;
			productName = "SnapKit-Dynamic";
		};
/* End XCSwiftPackageProductDependency section */
	};
	rootObject = D0C4BED12BB191B7005E43F5 /* Project object */;
}
